// !$*UTF8*$!
{
	archiveVersion = 1;
	classes = {
	};
	objectVersion = 46;
	objects = {

/* Begin PBXBuildFile section */
		BDE5CDF61CD055EE00B85B9C /* main.m in Sources */ = {isa = PBXBuildFile; fileRef = BDE5CDF51CD055EE00B85B9C /* main.m */; };
		BDE5CDF91CD055EE00B85B9C /* AppDelegate.m in Sources */ = {isa = PBXBuildFile; fileRef = BDE5CDF81CD055EE00B85B9C /* AppDelegate.m */; };
		BDE5CDFC1CD055EE00B85B9C /* ViewController.m in Sources */ = {isa = PBXBuildFile; fileRef = BDE5CDFB1CD055EE00B85B9C /* ViewController.m */; };
		BDE5CDFF1CD055EE00B85B9C /* Main.storyboard in Resources */ = {isa = PBXBuildFile; fileRef = BDE5CDFD1CD055EE00B85B9C /* Main.storyboard */; };
		BDE5CE011CD055EE00B85B9C /* Assets.xcassets in Resources */ = {isa = PBXBuildFile; fileRef = BDE5CE001CD055EE00B85B9C /* Assets.xcassets */; };
		BDE5CE041CD055EE00B85B9C /* LaunchScreen.storyboard in Resources */ = {isa = PBXBuildFile; fileRef = BDE5CE021CD055EE00B85B9C /* LaunchScreen.storyboard */; };
		BDE5CE0F1CD055EE00B85B9C /* NewBjxxwAppTests.m in Sources */ = {isa = PBXBuildFile; fileRef = BDE5CE0E1CD055EE00B85B9C /* NewBjxxwAppTests.m */; };
		BDE5CE1A1CD055EE00B85B9C /* NewBjxxwAppUITests.m in Sources */ = {isa = PBXBuildFile; fileRef = BDE5CE191CD055EE00B85B9C /* NewBjxxwAppUITests.m */; };
/* End PBXBuildFile section */

/* Begin PBXContainerItemProxy section */
		BDE5CE0B1CD055EE00B85B9C /* PBXContainerItemProxy */ = {
			isa = PBXContainerItemProxy;
			containerPortal = BDE5CDE91CD055EE00B85B9C /* Project object */;
			proxyType = 1;
			remoteGlobalIDString = BDE5CDF01CD055EE00B85B9C;
			remoteInfo = NewBjxxwApp;
		};
		BDE5CE161CD055EE00B85B9C /* PBXContainerItemProxy */ = {
			isa = PBXContainerItemProxy;
			containerPortal = BDE5CDE91CD055EE00B85B9C /* Project object */;
			proxyType = 1;
			remoteGlobalIDString = BDE5CDF01CD055EE00B85B9C;
			remoteInfo = NewBjxxwApp;
		};
/* End PBXContainerItemProxy section */

/* Begin PBXFileReference section */
		BDE5CDF11CD055EE00B85B9C /* NewBjxxwApp.app */ = {isa = PBXFileReference; explicitFileType = wrapper.application; includeInIndex = 0; path = NewBjxxwApp.app; sourceTree = BUILT_PRODUCTS_DIR; };
		BDE5CDF51CD055EE00B85B9C /* main.m */ = {isa = PBXFileReference; lastKnownFileType = sourcecode.c.objc; path = main.m; sourceTree = "<group>"; };
		BDE5CDF71CD055EE00B85B9C /* AppDelegate.h */ = {isa = PBXFileReference; lastKnownFileType = sourcecode.c.h; path = AppDelegate.h; sourceTree = "<group>"; };
		BDE5CDF81CD055EE00B85B9C /* AppDelegate.m */ = {isa = PBXFileReference; lastKnownFileType = sourcecode.c.objc; path = AppDelegate.m; sourceTree = "<group>"; };
		BDE5CDFA1CD055EE00B85B9C /* ViewController.h */ = {isa = PBXFileReference; lastKnownFileType = sourcecode.c.h; path = ViewController.h; sourceTree = "<group>"; };
		BDE5CDFB1CD055EE00B85B9C /* ViewController.m */ = {isa = PBXFileReference; lastKnownFileType = sourcecode.c.objc; path = ViewController.m; sourceTree = "<group>"; };
		BDE5CDFE1CD055EE00B85B9C /* Base */ = {isa = PBXFileReference; lastKnownFileType = file.storyboard; name = Base; path = Base.lproj/Main.storyboard; sourceTree = "<group>"; };
		BDE5CE001CD055EE00B85B9C /* Assets.xcassets */ = {isa = PBXFileReference; lastKnownFileType = folder.assetcatalog; path = Assets.xcassets; sourceTree = "<group>"; };
		BDE5CE031CD055EE00B85B9C /* Base */ = {isa = PBXFileReference; lastKnownFileType = file.storyboard; name = Base; path = Base.lproj/LaunchScreen.storyboard; sourceTree = "<group>"; };
		BDE5CE051CD055EE00B85B9C /* Info.plist */ = {isa = PBXFileReference; lastKnownFileType = text.plist.xml; path = Info.plist; sourceTree = "<group>"; };
		BDE5CE0A1CD055EE00B85B9C /* NewBjxxwAppTests.xctest */ = {isa = PBXFileReference; explicitFileType = wrapper.cfbundle; includeInIndex = 0; path = NewBjxxwAppTests.xctest; sourceTree = BUILT_PRODUCTS_DIR; };
		BDE5CE0E1CD055EE00B85B9C /* NewBjxxwAppTests.m */ = {isa = PBXFileReference; lastKnownFileType = sourcecode.c.objc; path = NewBjxxwAppTests.m; sourceTree = "<group>"; };
		BDE5CE101CD055EE00B85B9C /* Info.plist */ = {isa = PBXFileReference; lastKnownFileType = text.plist.xml; path = Info.plist; sourceTree = "<group>"; };
		BDE5CE151CD055EE00B85B9C /* NewBjxxwAppUITests.xctest */ = {isa = PBXFileReference; explicitFileType = wrapper.cfbundle; includeInIndex = 0; path = NewBjxxwAppUITests.xctest; sourceTree = BUILT_PRODUCTS_DIR; };
		BDE5CE191CD055EE00B85B9C /* NewBjxxwAppUITests.m */ = {isa = PBXFileReference; lastKnownFileType = sourcecode.c.objc; path = NewBjxxwAppUITests.m; sourceTree = "<group>"; };
		BDE5CE1B1CD055EE00B85B9C /* Info.plist */ = {isa = PBXFileReference; lastKnownFileType = text.plist.xml; path = Info.plist; sourceTree = "<group>"; };
/* End PBXFileReference section */

/* Begin PBXFrameworksBuildPhase section */
		BDE5CDEE1CD055EE00B85B9C /* Frameworks */ = {
			isa = PBXFrameworksBuildPhase;
			buildActionMask = 2147483647;
			files = (
			);
			runOnlyForDeploymentPostprocessing = 0;
		};
		BDE5CE071CD055EE00B85B9C /* Frameworks */ = {
			isa = PBXFrameworksBuildPhase;
			buildActionMask = 2147483647;
			files = (
			);
			runOnlyForDeploymentPostprocessing = 0;
		};
		BDE5CE121CD055EE00B85B9C /* Frameworks */ = {
			isa = PBXFrameworksBuildPhase;
			buildActionMask = 2147483647;
			files = (
			);
			runOnlyForDeploymentPostprocessing = 0;
		};
/* End PBXFrameworksBuildPhase section */

/* Begin PBXGroup section */
		BDE5CDE81CD055EE00B85B9C = {
			isa = PBXGroup;
			children = (
				BDE5CDF31CD055EE00B85B9C /* NewBjxxwApp */,
				BDE5CE0D1CD055EE00B85B9C /* NewBjxxwAppTests */,
				BDE5CE181CD055EE00B85B9C /* NewBjxxwAppUITests */,
				BDE5CDF21CD055EE00B85B9C /* Products */,
			);
			sourceTree = "<group>";
		};
		BDE5CDF21CD055EE00B85B9C /* Products */ = {
			isa = PBXGroup;
			children = (
				BDE5CDF11CD055EE00B85B9C /* NewBjxxwApp.app */,
				BDE5CE0A1CD055EE00B85B9C /* NewBjxxwAppTests.xctest */,
				BDE5CE151CD055EE00B85B9C /* NewBjxxwAppUITests.xctest */,
			);
			name = Products;
			sourceTree = "<group>";
		};
		BDE5CDF31CD055EE00B85B9C /* NewBjxxwApp */ = {
			isa = PBXGroup;
			children = (
				BDE5CDF71CD055EE00B85B9C /* AppDelegate.h */,
				BDE5CDF81CD055EE00B85B9C /* AppDelegate.m */,
				BDE5CDFA1CD055EE00B85B9C /* ViewController.h */,
				BDE5CDFB1CD055EE00B85B9C /* ViewController.m */,
				BDE5CDFD1CD055EE00B85B9C /* Main.storyboard */,
				BDE5CE001CD055EE00B85B9C /* Assets.xcassets */,
				BDE5CE021CD055EE00B85B9C /* LaunchScreen.storyboard */,
				BDE5CE051CD055EE00B85B9C /* Info.plist */,
				BDE5CDF41CD055EE00B85B9C /* Supporting Files */,
			);
			path = NewBjxxwApp;
			sourceTree = "<group>";
		};
		BDE5CDF41CD055EE00B85B9C /* Supporting Files */ = {
			isa = PBXGroup;
			children = (
				BDE5CDF51CD055EE00B85B9C /* main.m */,
			);
			name = "Supporting Files";
			sourceTree = "<group>";
		};
		BDE5CE0D1CD055EE00B85B9C /* NewBjxxwAppTests */ = {
			isa = PBXGroup;
			children = (
				BDE5CE0E1CD055EE00B85B9C /* NewBjxxwAppTests.m */,
				BDE5CE101CD055EE00B85B9C /* Info.plist */,
			);
			path = NewBjxxwAppTests;
			sourceTree = "<group>";
		};
		BDE5CE181CD055EE00B85B9C /* NewBjxxwAppUITests */ = {
			isa = PBXGroup;
			children = (
				BDE5CE191CD055EE00B85B9C /* NewBjxxwAppUITests.m */,
				BDE5CE1B1CD055EE00B85B9C /* Info.plist */,
			);
			path = NewBjxxwAppUITests;
			sourceTree = "<group>";
		};
/* End PBXGroup section */

/* Begin PBXNativeTarget section */
		BDE5CDF01CD055EE00B85B9C /* NewBjxxwApp */ = {
			isa = PBXNativeTarget;
			buildConfigurationList = BDE5CE1E1CD055EE00B85B9C /* Build configuration list for PBXNativeTarget "NewBjxxwApp" */;
			buildPhases = (
				BDE5CDED1CD055EE00B85B9C /* Sources */,
				BDE5CDEE1CD055EE00B85B9C /* Frameworks */,
				BDE5CDEF1CD055EE00B85B9C /* Resources */,
			);
			buildRules = (
			);
			dependencies = (
			);
			name = NewBjxxwApp;
			productName = NewBjxxwApp;
			productReference = BDE5CDF11CD055EE00B85B9C /* NewBjxxwApp.app */;
			productType = "com.apple.product-type.application";
		};
		BDE5CE091CD055EE00B85B9C /* NewBjxxwAppTests */ = {
			isa = PBXNativeTarget;
			buildConfigurationList = BDE5CE211CD055EE00B85B9C /* Build configuration list for PBXNativeTarget "NewBjxxwAppTests" */;
			buildPhases = (
				BDE5CE061CD055EE00B85B9C /* Sources */,
				BDE5CE071CD055EE00B85B9C /* Frameworks */,
				BDE5CE081CD055EE00B85B9C /* Resources */,
			);
			buildRules = (
			);
			dependencies = (
				BDE5CE0C1CD055EE00B85B9C /* PBXTargetDependency */,
			);
			name = NewBjxxwAppTests;
			productName = NewBjxxwAppTests;
			productReference = BDE5CE0A1CD055EE00B85B9C /* NewBjxxwAppTests.xctest */;
			productType = "com.apple.product-type.bundle.unit-test";
		};
		BDE5CE141CD055EE00B85B9C /* NewBjxxwAppUITests */ = {
			isa = PBXNativeTarget;
			buildConfigurationList = BDE5CE241CD055EE00B85B9C /* Build configuration list for PBXNativeTarget "NewBjxxwAppUITests" */;
			buildPhases = (
				BDE5CE111CD055EE00B85B9C /* Sources */,
				BDE5CE121CD055EE00B85B9C /* Frameworks */,
				BDE5CE131CD055EE00B85B9C /* Resources */,
			);
			buildRules = (
			);
			dependencies = (
				BDE5CE171CD055EE00B85B9C /* PBXTargetDependency */,
			);
			name = NewBjxxwAppUITests;
			productName = NewBjxxwAppUITests;
			productReference = BDE5CE151CD055EE00B85B9C /* NewBjxxwAppUITests.xctest */;
			productType = "com.apple.product-type.bundle.ui-testing";
		};
/* End PBXNativeTarget section */

/* Begin PBXProject section */
		BDE5CDE91CD055EE00B85B9C /* Project object */ = {
			isa = PBXProject;
			attributes = {
				LastUpgradeCheck = 0730;
				ORGANIZATIONNAME = LiHanlun;
				TargetAttributes = {
					BDE5CDF01CD055EE00B85B9C = {
						CreatedOnToolsVersion = 7.3;
					};
					BDE5CE091CD055EE00B85B9C = {
						CreatedOnToolsVersion = 7.3;
						TestTargetID = BDE5CDF01CD055EE00B85B9C;
					};
					BDE5CE141CD055EE00B85B9C = {
						CreatedOnToolsVersion = 7.3;
						TestTargetID = BDE5CDF01CD055EE00B85B9C;
					};
				};
			};
			buildConfigurationList = BDE5CDEC1CD055EE00B85B9C /* Build configuration list for PBXProject "NewBjxxwApp" */;
			compatibilityVersion = "Xcode 3.2";
			developmentRegion = English;
			hasScannedForEncodings = 0;
			knownRegions = (
				en,
				Base,
			);
			mainGroup = BDE5CDE81CD055EE00B85B9C;
			productRefGroup = BDE5CDF21CD055EE00B85B9C /* Products */;
			projectDirPath = "";
			projectRoot = "";
			targets = (
				BDE5CDF01CD055EE00B85B9C /* NewBjxxwApp */,
				BDE5CE091CD055EE00B85B9C /* NewBjxxwAppTests */,
				BDE5CE141CD055EE00B85B9C /* NewBjxxwAppUITests */,
			);
		};
/* End PBXProject section */

/* Begin PBXResourcesBuildPhase section */
		BDE5CDEF1CD055EE00B85B9C /* Resources */ = {
			isa = PBXResourcesBuildPhase;
			buildActionMask = 2147483647;
			files = (
				BDE5CE041CD055EE00B85B9C /* LaunchScreen.storyboard in Resources */,
				BDE5CE011CD055EE00B85B9C /* Assets.xcassets in Resources */,
				BDE5CDFF1CD055EE00B85B9C /* Main.storyboard in Resources */,
			);
			runOnlyForDeploymentPostprocessing = 0;
		};
		BDE5CE081CD055EE00B85B9C /* Resources */ = {
			isa = PBXResourcesBuildPhase;
			buildActionMask = 2147483647;
			files = (
			);
			runOnlyForDeploymentPostprocessing = 0;
		};
		BDE5CE131CD055EE00B85B9C /* Resources */ = {
			isa = PBXResourcesBuildPhase;
			buildActionMask = 2147483647;
			files = (
			);
			runOnlyForDeploymentPostprocessing = 0;
		};
/* End PBXResourcesBuildPhase section */

/* Begin PBXSourcesBuildPhase section */
		BDE5CDED1CD055EE00B85B9C /* Sources */ = {
			isa = PBXSourcesBuildPhase;
			buildActionMask = 2147483647;
			files = (
				BDE5CDFC1CD055EE00B85B9C /* ViewController.m in Sources */,
				BDE5CDF91CD055EE00B85B9C /* AppDelegate.m in Sources */,
				BDE5CDF61CD055EE00B85B9C /* main.m in Sources */,
			);
			runOnlyForDeploymentPostprocessing = 0;
		};
		BDE5CE061CD055EE00B85B9C /* Sources */ = {
			isa = PBXSourcesBuildPhase;
			buildActionMask = 2147483647;
			files = (
				BDE5CE0F1CD055EE00B85B9C /* NewBjxxwAppTests.m in Sources */,
			);
			runOnlyForDeploymentPostprocessing = 0;
		};
		BDE5CE111CD055EE00B85B9C /* Sources */ = {
			isa = PBXSourcesBuildPhase;
			buildActionMask = 2147483647;
			files = (
				BDE5CE1A1CD055EE00B85B9C /* NewBjxxwAppUITests.m in Sources */,
			);
			runOnlyForDeploymentPostprocessing = 0;
		};
/* End PBXSourcesBuildPhase section */

/* Begin PBXTargetDependency section */
		BDE5CE0C1CD055EE00B85B9C /* PBXTargetDependency */ = {
			isa = PBXTargetDependency;
			target = BDE5CDF01CD055EE00B85B9C /* NewBjxxwApp */;
			targetProxy = BDE5CE0B1CD055EE00B85B9C /* PBXContainerItemProxy */;
		};
		BDE5CE171CD055EE00B85B9C /* PBXTargetDependency */ = {
			isa = PBXTargetDependency;
			target = BDE5CDF01CD055EE00B85B9C /* NewBjxxwApp */;
			targetProxy = BDE5CE161CD055EE00B85B9C /* PBXContainerItemProxy */;
		};
/* End PBXTargetDependency section */

/* Begin PBXVariantGroup section */
		BDE5CDFD1CD055EE00B85B9C /* Main.storyboard */ = {
			isa = PBXVariantGroup;
			children = (
				BDE5CDFE1CD055EE00B85B9C /* Base */,
			);
			name = Main.storyboard;
			sourceTree = "<group>";
		};
		BDE5CE021CD055EE00B85B9C /* LaunchScreen.storyboard */ = {
			isa = PBXVariantGroup;
			children = (
				BDE5CE031CD055EE00B85B9C /* Base */,
			);
			name = LaunchScreen.storyboard;
			sourceTree = "<group>";
		};
/* End PBXVariantGroup section */

/* Begin XCBuildConfiguration section */
		BDE5CE1C1CD055EE00B85B9C /* Debug */ = {
			isa = XCBuildConfiguration;
			buildSettings = {
				ALWAYS_SEARCH_USER_PATHS = NO;
				CLANG_ANALYZER_NONNULL = YES;
				CLANG_CXX_LANGUAGE_STANDARD = "gnu++0x";
				CLANG_CXX_LIBRARY = "libc++";
				CLANG_ENABLE_MODULES = YES;
				CLANG_ENABLE_OBJC_ARC = YES;
				CLANG_WARN_BOOL_CONVERSION = YES;
				CLANG_WARN_CONSTANT_CONVERSION = YES;
				CLANG_WARN_DIRECT_OBJC_ISA_USAGE = YES_ERROR;
				CLANG_WARN_EMPTY_BODY = YES;
				CLANG_WARN_ENUM_CONVERSION = YES;
				CLANG_WARN_INT_CONVERSION = YES;
				CLANG_WARN_OBJC_ROOT_CLASS = YES_ERROR;
				CLANG_WARN_UNREACHABLE_CODE = YES;
				CLANG_WARN__DUPLICATE_METHOD_MATCH = YES;
				"CODE_SIGN_IDENTITY[sdk=iphoneos*]" = "iPhone Developer";
				COPY_PHASE_STRIP = NO;
				DEBUG_INFORMATION_FORMAT = dwarf;
				ENABLE_STRICT_OBJC_MSGSEND = YES;
				ENABLE_TESTABILITY = YES;
				GCC_C_LANGUAGE_STANDARD = gnu99;
				GCC_DYNAMIC_NO_PIC = NO;
				GCC_NO_COMMON_BLOCKS = YES;
				GCC_OPTIMIZATION_LEVEL = 0;
				GCC_PREPROCESSOR_DEFINITIONS = (
					"DEBUG=1",
					"$(inherited)",
				);
				GCC_WARN_64_TO_32_BIT_CONVERSION = YES;
				GCC_WARN_ABOUT_RETURN_TYPE = YES_ERROR;
				GCC_WARN_UNDECLARED_SELECTOR = YES;
				GCC_WARN_UNINITIALIZED_AUTOS = YES_AGGRESSIVE;
				GCC_WARN_UNUSED_FUNCTION = YES;
				GCC_WARN_UNUSED_VARIABLE = YES;
				IPHONEOS_DEPLOYMENT_TARGET = 9.3;
				MTL_ENABLE_DEBUG_INFO = YES;
				ONLY_ACTIVE_ARCH = YES;
				SDKROOT = iphoneos;
				TARGETED_DEVICE_FAMILY = "1,2";
			};
			name = Debug;
		};
		BDE5CE1D1CD055EE00B85B9C /* Release */ = {
			isa = XCBuildConfiguration;
			buildSettings = {
				ALWAYS_SEARCH_USER_PATHS = NO;
				CLANG_ANALYZER_NONNULL = YES;
				CLANG_CXX_LANGUAGE_STANDARD = "gnu++0x";
				CLANG_CXX_LIBRARY = "libc++";
				CLANG_ENABLE_MODULES = YES;
				CLANG_ENABLE_OBJC_ARC = YES;
				CLANG_WARN_BOOL_CONVERSION = YES;
				CLANG_WARN_CONSTANT_CONVERSION = YES;
				CLANG_WARN_DIRECT_OBJC_ISA_USAGE = YES_ERROR;
				CLANG_WARN_EMPTY_BODY = YES;
				CLANG_WARN_ENUM_CONVERSION = YES;
				CLANG_WARN_INT_CONVERSION = YES;
				CLANG_WARN_OBJC_ROOT_CLASS = YES_ERROR;
				CLANG_WARN_UNREACHABLE_CODE = YES;
				CLANG_WARN__DUPLICATE_METHOD_MATCH = YES;
				"CODE_SIGN_IDENTITY[sdk=iphoneos*]" = "iPhone Developer";
				COPY_PHASE_STRIP = NO;
				DEBUG_INFORMATION_FORMAT = "dwarf-with-dsym";
				ENABLE_NS_ASSERTIONS = NO;
				ENABLE_STRICT_OBJC_MSGSEND = YES;
				GCC_C_LANGUAGE_STANDARD = gnu99;
				GCC_NO_COMMON_BLOCKS = YES;
				GCC_WARN_64_TO_32_BIT_CONVERSION = YES;
				GCC_WARN_ABOUT_RETURN_TYPE = YES_ERROR;
				GCC_WARN_UNDECLARED_SELECTOR = YES;
				GCC_WARN_UNINITIALIZED_AUTOS = YES_AGGRESSIVE;
				GCC_WARN_UNUSED_FUNCTION = YES;
				GCC_WARN_UNUSED_VARIABLE = YES;
				IPHONEOS_DEPLOYMENT_TARGET = 9.3;
				MTL_ENABLE_DEBUG_INFO = NO;
				SDKROOT = iphoneos;
				TARGETED_DEVICE_FAMILY = "1,2";
				VALIDATE_PRODUCT = YES;
			};
			name = Release;
		};
		BDE5CE1F1CD055EE00B85B9C /* Debug */ = {
			isa = XCBuildConfiguration;
			buildSettings = {
				ASSETCATALOG_COMPILER_APPICON_NAME = AppIcon;
				INFOPLIST_FILE = NewBjxxwApp/Info.plist;
				LD_RUNPATH_SEARCH_PATHS = "$(inherited) @executable_path/Frameworks";
				PRODUCT_BUNDLE_IDENTIFIER = com.bjwwx.lihanlun.NewBjxxwApp;
				PRODUCT_NAME = "$(TARGET_NAME)";
			};
			name = Debug;
		};
		BDE5CE201CD055EE00B85B9C /* Release */ = {
			isa = XCBuildConfiguration;
			buildSettings = {
				ASSETCATALOG_COMPILER_APPICON_NAME = AppIcon;
				INFOPLIST_FILE = NewBjxxwApp/Info.plist;
				LD_RUNPATH_SEARCH_PATHS = "$(inherited) @executable_path/Frameworks";
				PRODUCT_BUNDLE_IDENTIFIER = com.bjwwx.lihanlun.NewBjxxwApp;
				PRODUCT_NAME = "$(TARGET_NAME)";
			};
			name = Release;
		};
		BDE5CE221CD055EE00B85B9C /* Debug */ = {
			isa = XCBuildConfiguration;
			buildSettings = {
				BUNDLE_LOADER = "$(TEST_HOST)";
				INFOPLIST_FILE = NewBjxxwAppTests/Info.plist;
				LD_RUNPATH_SEARCH_PATHS = "$(inherited) @executable_path/Frameworks @loader_path/Frameworks";
				PRODUCT_BUNDLE_IDENTIFIER = com.bjwwx.lihanlun.NewBjxxwAppTests;
				PRODUCT_NAME = "$(TARGET_NAME)";
				TEST_HOST = "$(BUILT_PRODUCTS_DIR)/NewBjxxwApp.app/NewBjxxwApp";
			};
			name = Debug;
		};
		BDE5CE231CD055EE00B85B9C /* Release */ = {
			isa = XCBuildConfiguration;
			buildSettings = {
				BUNDLE_LOADER = "$(TEST_HOST)";
				INFOPLIST_FILE = NewBjxxwAppTests/Info.plist;
				LD_RUNPATH_SEARCH_PATHS = "$(inherited) @executable_path/Frameworks @loader_path/Frameworks";
				PRODUCT_BUNDLE_IDENTIFIER = com.bjwwx.lihanlun.NewBjxxwAppTests;
				PRODUCT_NAME = "$(TARGET_NAME)";
				TEST_HOST = "$(BUILT_PRODUCTS_DIR)/NewBjxxwApp.app/NewBjxxwApp";
			};
			name = Release;
		};
		BDE5CE251CD055EE00B85B9C /* Debug */ = {
			isa = XCBuildConfiguration;
			buildSettings = {
				INFOPLIST_FILE = NewBjxxwAppUITests/Info.plist;
				LD_RUNPATH_SEARCH_PATHS = "$(inherited) @executable_path/Frameworks @loader_path/Frameworks";
				PRODUCT_BUNDLE_IDENTIFIER = com.bjwwx.lihanlun.NewBjxxwAppUITests;
				PRODUCT_NAME = "$(TARGET_NAME)";
				TEST_TARGET_NAME = NewBjxxwApp;
			};
			name = Debug;
		};
		BDE5CE261CD055EE00B85B9C /* Release */ = {
			isa = XCBuildConfiguration;
			buildSettings = {
				INFOPLIST_FILE = NewBjxxwAppUITests/Info.plist;
				LD_RUNPATH_SEARCH_PATHS = "$(inherited) @executable_path/Frameworks @loader_path/Frameworks";
				PRODUCT_BUNDLE_IDENTIFIER = com.bjwwx.lihanlun.NewBjxxwAppUITests;
				PRODUCT_NAME = "$(TARGET_NAME)";
				TEST_TARGET_NAME = NewBjxxwApp;
			};
			name = Release;
		};
/* End XCBuildConfiguration section */

/* Begin XCConfigurationList section */
		BDE5CDEC1CD055EE00B85B9C /* Build configuration list for PBXProject "NewBjxxwApp" */ = {
			isa = XCConfigurationList;
			buildConfigurations = (
				BDE5CE1C1CD055EE00B85B9C /* Debug */,
				BDE5CE1D1CD055EE00B85B9C /* Release */,
			);
			defaultConfigurationIsVisible = 0;
			defaultConfigurationName = Release;
		};
		BDE5CE1E1CD055EE00B85B9C /* Build configuration list for PBXNativeTarget "NewBjxxwApp" */ = {
			isa = XCConfigurationList;
			buildConfigurations = (
				BDE5CE1F1CD055EE00B85B9C /* Debug */,
				BDE5CE201CD055EE00B85B9C /* Release */,
			);
			defaultConfigurationIsVisible = 0;
		};
		BDE5CE211CD055EE00B85B9C /* Build configuration list for PBXNativeTarget "NewBjxxwAppTests" */ = {
			isa = XCConfigurationList;
			buildConfigurations = (
				BDE5CE221CD055EE00B85B9C /* Debug */,
				BDE5CE231CD055EE00B85B9C /* Release */,
			);
			defaultConfigurationIsVisible = 0;
		};
		BDE5CE241CD055EE00B85B9C /* Build configuration list for PBXNativeTarget "NewBjxxwAppUITests" */ = {
			isa = XCConfigurationList;
			buildConfigurations = (
				BDE5CE251CD055EE00B85B9C /* Debug */,
				BDE5CE261CD055EE00B85B9C /* Release */,
			);
			defaultConfigurationIsVisible = 0;
		};
/* End XCConfigurationList section */
	};
	rootObject = BDE5CDE91CD055EE00B85B9C /* Project object */;
}
